// !$*UTF8*$!
{
	archiveVersion = 1;
	classes = {
	};
	objectVersion = 46;
	objects = {

/* Begin PBXBuildFile section */
		26C8E2981D452E22008026C6 /* main.swift in Sources */ = {isa = PBXBuildFile; fileRef = 26C8E2971D452E22008026C6 /* main.swift */; };
		26C8E2AC1D454120008026C6 /* ElementaryClass.swift in Sources */ = {isa = PBXBuildFile; fileRef = 26C8E2A81D454120008026C6 /* ElementaryClass.swift */; };
		26C8E2AD1D454120008026C6 /* Extension.swift in Sources */ = {isa = PBXBuildFile; fileRef = 26C8E2A91D454120008026C6 /* Extension.swift */; };
		26C8E2AE1D454120008026C6 /* Network.swift in Sources */ = {isa = PBXBuildFile; fileRef = 26C8E2AA1D454120008026C6 /* Network.swift */; };
		26C8E2AF1D454120008026C6 /* Tool.swift in Sources */ = {isa = PBXBuildFile; fileRef = 26C8E2AB1D454120008026C6 /* Tool.swift */; };
/* End PBXBuildFile section */

/* Begin PBXCopyFilesBuildPhase section */
		26C8E2921D452E22008026C6 /* CopyFiles */ = {
			isa = PBXCopyFilesBuildPhase;
			buildActionMask = 2147483647;
			dstPath = /usr/share/man/man1/;
			dstSubfolderSpec = 0;
			files = (
			);
			runOnlyForDeploymentPostprocessing = 1;
		};
/* End PBXCopyFilesBuildPhase section */

/* Begin PBXFileReference section */
		26C8E2941D452E22008026C6 /* MultistageShuffleExchange */ = {isa = PBXFileReference; explicitFileType = "compiled.mach-o.executable"; includeInIndex = 0; path = MultistageShuffleExchange; sourceTree = BUILT_PRODUCTS_DIR; };
		26C8E2971D452E22008026C6 /* main.swift */ = {isa = PBXFileReference; lastKnownFileType = sourcecode.swift; path = main.swift; sourceTree = "<group>"; };
		26C8E2A81D454120008026C6 /* ElementaryClass.swift */ = {isa = PBXFileReference; fileEncoding = 4; lastKnownFileType = sourcecode.swift; path = ElementaryClass.swift; sourceTree = "<group>"; };
		26C8E2A91D454120008026C6 /* Extension.swift */ = {isa = PBXFileReference; fileEncoding = 4; lastKnownFileType = sourcecode.swift; path = Extension.swift; sourceTree = "<group>"; };
		26C8E2AA1D454120008026C6 /* Network.swift */ = {isa = PBXFileReference; fileEncoding = 4; lastKnownFileType = sourcecode.swift; path = Network.swift; sourceTree = "<group>"; };
		26C8E2AB1D454120008026C6 /* Tool.swift */ = {isa = PBXFileReference; fileEncoding = 4; lastKnownFileType = sourcecode.swift; path = Tool.swift; sourceTree = "<group>"; };
/* End PBXFileReference section */

/* Begin PBXFrameworksBuildPhase section */
		26C8E2911D452E22008026C6 /* Frameworks */ = {
			isa = PBXFrameworksBuildPhase;
			buildActionMask = 2147483647;
			files = (
			);
			runOnlyForDeploymentPostprocessing = 0;
		};
/* End PBXFrameworksBuildPhase section */

/* Begin PBXGroup section */
		26C8E28B1D452E22008026C6 = {
			isa = PBXGroup;
			children = (
				26C8E2961D452E22008026C6 /* MultistageShuffleExchange */,
				26C8E2951D452E22008026C6 /* Products */,
			);
			sourceTree = "<group>";
		};
		26C8E2951D452E22008026C6 /* Products */ = {
			isa = PBXGroup;
			children = (
				26C8E2941D452E22008026C6 /* MultistageShuffleExchange */,
			);
			name = Products;
			sourceTree = "<group>";
		};
		26C8E2961D452E22008026C6 /* MultistageShuffleExchange */ = {
			isa = PBXGroup;
			children = (
				26C8E2A81D454120008026C6 /* ElementaryClass.swift */,
				26C8E2A91D454120008026C6 /* Extension.swift */,
				26C8E2AA1D454120008026C6 /* Network.swift */,
				26C8E2AB1D454120008026C6 /* Tool.swift */,
				26C8E2971D452E22008026C6 /* main.swift */,
			);
			path = MultistageShuffleExchange;
			sourceTree = "<group>";
		};
/* End PBXGroup section */

/* Begin PBXNativeTarget section */
		26C8E2931D452E22008026C6 /* MultistageShuffleExchange */ = {
			isa = PBXNativeTarget;
			buildConfigurationList = 26C8E29B1D452E22008026C6 /* Build configuration list for PBXNativeTarget "MultistageShuffleExchange" */;
			buildPhases = (
				26C8E2901D452E22008026C6 /* Sources */,
				26C8E2911D452E22008026C6 /* Frameworks */,
				26C8E2921D452E22008026C6 /* CopyFiles */,
			);
			buildRules = (
			);
			dependencies = (
			);
			name = MultistageShuffleExchange;
			productName = MultistageShuffleExchange;
			productReference = 26C8E2941D452E22008026C6 /* MultistageShuffleExchange */;
			productType = "com.apple.product-type.tool";
		};
/* End PBXNativeTarget section */

/* Begin PBXProject section */
		26C8E28C1D452E22008026C6 /* Project object */ = {
			isa = PBXProject;
			attributes = {
				LastSwiftUpdateCheck = 0730;
				LastUpgradeCheck = 0730;
				ORGANIZATIONNAME = "Nguyen Van Minh";
				TargetAttributes = {
					26C8E2931D452E22008026C6 = {
						CreatedOnToolsVersion = 7.3.1;
					};
				};
			};
			buildConfigurationList = 26C8E28F1D452E22008026C6 /* Build configuration list for PBXProject "MultistageShuffleExchange" */;
			compatibilityVersion = "Xcode 3.2";
			developmentRegion = English;
			hasScannedForEncodings = 0;
			knownRegions = (
				en,
			);
			mainGroup = 26C8E28B1D452E22008026C6;
			productRefGroup = 26C8E2951D452E22008026C6 /* Products */;
			projectDirPath = "";
			projectRoot = "";
			targets = (
				26C8E2931D452E22008026C6 /* MultistageShuffleExchange */,
			);
		};
/* End PBXProject section */

/* Begin PBXSourcesBuildPhase section */
		26C8E2901D452E22008026C6 /* Sources */ = {
			isa = PBXSourcesBuildPhase;
			buildActionMask = 2147483647;
			files = (
				26C8E2AD1D454120008026C6 /* Extension.swift in Sources */,
				26C8E2AC1D454120008026C6 /* ElementaryClass.swift in Sources */,
				26C8E2AE1D454120008026C6 /* Network.swift in Sources */,
				26C8E2AF1D454120008026C6 /* Tool.swift in Sources */,
				26C8E2981D452E22008026C6 /* main.swift in Sources */,
			);
			runOnlyForDeploymentPostprocessing = 0;
		};
/* End PBXSourcesBuildPhase section */

/* Begin XCBuildConfiguration section */
		26C8E2991D452E22008026C6 /* Debug */ = {
			isa = XCBuildConfiguration;
			buildSettings = {
				ALWAYS_SEARCH_USER_PATHS = NO;
				CLANG_ANALYZER_NONNULL = YES;
				CLANG_CXX_LANGUAGE_STANDARD = "gnu++0x";
				CLANG_CXX_LIBRARY = "libc++";
				CLANG_ENABLE_MODULES = YES;
				CLANG_ENABLE_OBJC_ARC = YES;
				CLANG_WARN_BOOL_CONVERSION = YES;
				CLANG_WARN_CONSTANT_CONVERSION = YES;
				CLANG_WARN_DIRECT_OBJC_ISA_USAGE = YES_ERROR;
				CLANG_WARN_EMPTY_BODY = YES;
				CLANG_WARN_ENUM_CONVERSION = YES;
				CLANG_WARN_INT_CONVERSION = YES;
				CLANG_WARN_OBJC_ROOT_CLASS = YES_ERROR;
				CLANG_WARN_UNREACHABLE_CODE = YES;
				CLANG_WARN__DUPLICATE_METHOD_MATCH = YES;
				CODE_SIGN_IDENTITY = "-";
				COPY_PHASE_STRIP = NO;
				DEBUG_INFORMATION_FORMAT = dwarf;
				ENABLE_STRICT_OBJC_MSGSEND = YES;
				ENABLE_TESTABILITY = YES;
				GCC_C_LANGUAGE_STANDARD = gnu99;
				GCC_DYNAMIC_NO_PIC = NO;
				GCC_NO_COMMON_BLOCKS = YES;
				GCC_OPTIMIZATION_LEVEL = 0;
				GCC_PREPROCESSOR_DEFINITIONS = (
					"DEBUG=1",
					"$(inherited)",
				);
				GCC_WARN_64_TO_32_BIT_CONVERSION = YES;
				GCC_WARN_ABOUT_RETURN_TYPE = YES_ERROR;
				GCC_WARN_UNDECLARED_SELECTOR = YES;
				GCC_WARN_UNINITIALIZED_AUTOS = YES_AGGRESSIVE;
				GCC_WARN_UNUSED_FUNCTION = YES;
				GCC_WARN_UNUSED_VARIABLE = YES;
				MACOSX_DEPLOYMENT_TARGET = 10.11;
				MTL_ENABLE_DEBUG_INFO = YES;
				ONLY_ACTIVE_ARCH = YES;
				SDKROOT = macosx;
				SWIFT_OPTIMIZATION_LEVEL = "-Onone";
			};
			name = Debug;
		};
		26C8E29A1D452E22008026C6 /* Release */ = {
			isa = XCBuildConfiguration;
			buildSettings = {
				ALWAYS_SEARCH_USER_PATHS = NO;
				CLANG_ANALYZER_NONNULL = YES;
				CLANG_CXX_LANGUAGE_STANDARD = "gnu++0x";
				CLANG_CXX_LIBRARY = "libc++";
				CLANG_ENABLE_MODULES = YES;
				CLANG_ENABLE_OBJC_ARC = YES;
				CLANG_WARN_BOOL_CONVERSION = YES;
				CLANG_WARN_CONSTANT_CONVERSION = YES;
				CLANG_WARN_DIRECT_OBJC_ISA_USAGE = YES_ERROR;
				CLANG_WARN_EMPTY_BODY = YES;
				CLANG_WARN_ENUM_CONVERSION = YES;
				CLANG_WARN_INT_CONVERSION = YES;
				CLANG_WARN_OBJC_ROOT_CLASS = YES_ERROR;
				CLANG_WARN_UNREACHABLE_CODE = YES;
				CLANG_WARN__DUPLICATE_METHOD_MATCH = YES;
				CODE_SIGN_IDENTITY = "-";
				COPY_PHASE_STRIP = NO;
				DEBUG_INFORMATION_FORMAT = "dwarf-with-dsym";
				ENABLE_NS_ASSERTIONS = NO;
				ENABLE_STRICT_OBJC_MSGSEND = YES;
				GCC_C_LANGUAGE_STANDARD = gnu99;
				GCC_NO_COMMON_BLOCKS = YES;
				GCC_WARN_64_TO_32_BIT_CONVERSION = YES;
				GCC_WARN_ABOUT_RETURN_TYPE = YES_ERROR;
				GCC_WARN_UNDECLARED_SELECTOR = YES;
				GCC_WARN_UNINITIALIZED_AUTOS = YES_AGGRESSIVE;
				GCC_WARN_UNUSED_FUNCTION = YES;
				GCC_WARN_UNUSED_VARIABLE = YES;
				MACOSX_DEPLOYMENT_TARGET = 10.11;
				MTL_ENABLE_DEBUG_INFO = NO;
				SDKROOT = macosx;
			};
			name = Release;
		};
		26C8E29C1D452E22008026C6 /* Debug */ = {
			isa = XCBuildConfiguration;
			buildSettings = {
				PRODUCT_NAME = "$(TARGET_NAME)";
			};
			name = Debug;
		};
		26C8E29D1D452E22008026C6 /* Release */ = {
			isa = XCBuildConfiguration;
			buildSettings = {
				PRODUCT_NAME = "$(TARGET_NAME)";
			};
			name = Release;
		};
/* End XCBuildConfiguration section */

/* Begin XCConfigurationList section */
		26C8E28F1D452E22008026C6 /* Build configuration list for PBXProject "MultistageShuffleExchange" */ = {
			isa = XCConfigurationList;
			buildConfigurations = (
				26C8E2991D452E22008026C6 /* Debug */,
				26C8E29A1D452E22008026C6 /* Release */,
			);
			defaultConfigurationIsVisible = 0;
			defaultConfigurationName = Release;
		};
		26C8E29B1D452E22008026C6 /* Build configuration list for PBXNativeTarget "MultistageShuffleExchange" */ = {
			isa = XCConfigurationList;
			buildConfigurations = (
				26C8E29C1D452E22008026C6 /* Debug */,
				26C8E29D1D452E22008026C6 /* Release */,
			);
			defaultConfigurationIsVisible = 0;
			defaultConfigurationName = Release;
		};
/* End XCConfigurationList section */
	};
	rootObject = 26C8E28C1D452E22008026C6 /* Project object */;
}
